
Microsoft Visual Studio Solution File, Format Version 12.00
# Visual Studio 15
VisualStudioVersion = 15.0.28010.2050
MinimumVisualStudioVersion = 10.0.40219.1
Project("{FAE04EC0-301F-11D3-BF4B-00C04F79EFBC}") = "EntendendooAsync", "EntendendooAsync\EntendendooAsync.csproj", "{CD9997E3-6EF0-4803-B8BB-18ECEADF87A5}"
EndProject
Global
	GlobalSection(SolutionConfigurationPlatforms) = preSolution
		Debug|Any CPU = Debug|Any CPU
		Release|Any CPU = Release|Any CPU
	EndGlobalSection
	GlobalSection(ProjectConfigurationPlatforms) = postSolution
		{CD9997E3-6EF0-4803-B8BB-18ECEADF87A5}.Debug|Any CPU.ActiveCfg = Debug|Any CPU
		{CD9997E3-6EF0-4803-B8BB-18ECEADF87A5}.Debug|Any CPU.Build.0 = Debug|Any CPU
		{CD9997E3-6EF0-4803-B8BB-18ECEADF87A5}.Release|Any CPU.ActiveCfg = Release|Any CPU
		{CD9997E3-6EF0-4803-B8BB-18ECEADF87A5}.Release|Any CPU.Build.0 = Release|Any CPU
	EndGlobalSection
	GlobalSection(SolutionProperties) = preSolution
		HideSolutionNode = FALSE
	EndGlobalSection
	GlobalSection(ExtensibilityGlobals) = postSolution
		SolutionGuid = {54E8DF1C-DF4F-4B2A-B9CD-BAD86A416E55}
	EndGlobalSection
EndGlobal
